{
  "name": "@polymer-co/mc-cli",
  "version": "1.0.0",
  "lockfileVersion": 2,
  "requires": true,
  "packages": {
    "": {
      "name": "@polymer-co/mc-cli",
      "version": "1.0.0",
      "license": "ISC",
      "dependencies": {
        "@polymer-co/mc-rcon": "^1.0.0",
        "commander": "^9.2.0",
        "typescript": "^4.6.4"
      },
      "devDependencies": {
        "@types/node": "^17.0.30"
      }
    },
    "../../web-mcrc": {
      "extraneous": true
    },
    "../mc-rcon": {
      "name": "@polymer-co/mc-rcon",
      "version": "1.0.0",
      "extraneous": true,
      "license": "MIT",
      "dependencies": {
        "rcon": "^1.1.0",
        "typescript": "^4.6.4"
      },
      "devDependencies": {
        "@types/node": "^17.0.30",
        "prettier": "^2.6.2"
      },
      "engines": {
        "node": "*"
      }
    },
    "../mc-remotets": {
      "version": "1.0.0",
      "extraneous": true,
      "license": "MPL-2.0",
      "dependencies": {
        "rcon": "^1.1.0",
        "typescript": "^4.6.4"
      },
      "devDependencies": {
        "@types/node": "^17.0.30"
      },
      "engines": {
        "node": "*"
      }
    },
    "node_modules/@polymer-co/mc-rcon": {
      "version": "1.0.0",
      "resolved": "https://registry.npmjs.org/@polymer-co/mc-rcon/-/mc-rcon-1.0.0.tgz",
      "integrity": "sha512-XdEXdiRGLXIoehwL4jU/laxoqQUUpcvLsL51v1Nvz4CaEo07jNjnB/gt+YF9qdU6+vX84blLCTU+xoBRS5kmDw==",
      "dependencies": {
        "rcon": "^1.1.0",
        "typescript": "^4.6.4"
      },
      "engines": {
        "node": "*"
      }
    },
    "node_modules/@types/node": {
      "version": "17.0.30",
      "resolved": "https://registry.npmjs.org/@types/node/-/node-17.0.30.tgz",
      "integrity": "sha512-oNBIZjIqyHYP8VCNAV9uEytXVeXG2oR0w9lgAXro20eugRQfY002qr3CUl6BAe+Yf/z3CRjPdz27Pu6WWtuSRw==",
      "dev": true
    },
    "node_modules/commander": {
      "version": "9.2.0",
      "resolved": "https://registry.npmjs.org/commander/-/commander-9.2.0.tgz",
      "integrity": "sha512-e2i4wANQiSXgnrBlIatyHtP1odfUp0BbV5Y5nEGbxtIrStkEOAAzCUirvLBNXHLr7kwLvJl6V+4V3XV9x7Wd9w==",
      "engines": {
        "node": "^12.20.0 || >=14"
      }
    },
    "node_modules/rcon": {
      "version": "1.1.0",
      "resolved": "https://registry.npmjs.org/rcon/-/rcon-1.1.0.tgz",
      "integrity": "sha512-eotwcApOBjfadTjqQlrZVR4jzlwGCMNxmHhnFZx+g4kouwwRstRHkk1ON7DzkqrHNIjADSh0cU3gThSsDolUpg=="
    },
    "node_modules/typescript": {
      "version": "4.6.4",
      "resolved": "https://registry.npmjs.org/typescript/-/typescript-4.6.4.tgz",
      "integrity": "sha512-9ia/jWHIEbo49HfjrLGfKbZSuWo9iTMwXO+Ca3pRsSpbsMbc7/IU8NKdCZVRRBafVPGnoJeFL76ZOAA84I9fEg==",
      "bin": {
        "tsc": "bin/tsc",
        "tsserver": "bin/tsserver"
      },
      "engines": {
        "node": ">=4.2.0"
      }
    }
  },
  "dependencies": {
    "@polymer-co/mc-rcon": {
      "version": "1.0.0",
      "resolved": "https://registry.npmjs.org/@polymer-co/mc-rcon/-/mc-rcon-1.0.0.tgz",
      "integrity": "sha512-XdEXdiRGLXIoehwL4jU/laxoqQUUpcvLsL51v1Nvz4CaEo07jNjnB/gt+YF9qdU6+vX84blLCTU+xoBRS5kmDw==",
      "requires": {
        "rcon": "^1.1.0",
        "typescript": "^4.6.4"
      }
    },
    "@types/node": {
      "version": "17.0.30",
      "resolved": "https://registry.npmjs.org/@types/node/-/node-17.0.30.tgz",
      "integrity": "sha512-oNBIZjIqyHYP8VCNAV9uEytXVeXG2oR0w9lgAXro20eugRQfY002qr3CUl6BAe+Yf/z3CRjPdz27Pu6WWtuSRw==",
      "dev": true
    },
    "commander": {
      "version": "9.2.0",
      "resolved": "https://registry.npmjs.org/commander/-/commander-9.2.0.tgz",
      "integrity": "sha512-e2i4wANQiSXgnrBlIatyHtP1odfUp0BbV5Y5nEGbxtIrStkEOAAzCUirvLBNXHLr7kwLvJl6V+4V3XV9x7Wd9w=="
    },
    "rcon": {
      "version": "1.1.0",
      "resolved": "https://registry.npmjs.org/rcon/-/rcon-1.1.0.tgz",
      "integrity": "sha512-eotwcApOBjfadTjqQlrZVR4jzlwGCMNxmHhnFZx+g4kouwwRstRHkk1ON7DzkqrHNIjADSh0cU3gThSsDolUpg=="
    },
    "typescript": {
      "version": "4.6.4",
      "resolved": "https://registry.npmjs.org/typescript/-/typescript-4.6.4.tgz",
      "integrity": "sha512-9ia/jWHIEbo49HfjrLGfKbZSuWo9iTMwXO+Ca3pRsSpbsMbc7/IU8NKdCZVRRBafVPGnoJeFL76ZOAA84I9fEg=="
    }
  }
}
